
Microsoft Visual Studio Solution File, Format Version 12.00
Project("{FAE04EC0-301F-11D3-BF4B-00C04F79EFBC}") = "dotBento.Bot", "dotBento.Bot\dotBento.Bot.csproj", "{3D0DFD84-C9C3-41AF-84B2-F569AFD24F09}"
EndProject
Project("{FAE04EC0-301F-11D3-BF4B-00C04F79EFBC}") = "dotBento.EntityFramework", "dotBento.EntityFramework\dotBento.EntityFramework.csproj", "{3746C655-7EAD-43C8-ACB5-B8658AE96077}"
EndProject
Project("{FAE04EC0-301F-11D3-BF4B-00C04F79EFBC}") = "dotBento.Domain", "dotBento.Domain\dotBento.Domain.csproj", "{DC23C34E-EB8C-408B-998D-DB7646D7E9C3}"
EndProject
Global
	GlobalSection(SolutionConfigurationPlatforms) = preSolution
		Debug|Any CPU = Debug|Any CPU
		Release|Any CPU = Release|Any CPU
	EndGlobalSection
	GlobalSection(ProjectConfigurationPlatforms) = postSolution
		{3D0DFD84-C9C3-41AF-84B2-F569AFD24F09}.Debug|Any CPU.ActiveCfg = Debug|Any CPU
		{3D0DFD84-C9C3-41AF-84B2-F569AFD24F09}.Debug|Any CPU.Build.0 = Debug|Any CPU
		{3D0DFD84-C9C3-41AF-84B2-F569AFD24F09}.Release|Any CPU.ActiveCfg = Release|Any CPU
		{3D0DFD84-C9C3-41AF-84B2-F569AFD24F09}.Release|Any CPU.Build.0 = Release|Any CPU
		{3746C655-7EAD-43C8-ACB5-B8658AE96077}.Debug|Any CPU.ActiveCfg = Debug|Any CPU
		{3746C655-7EAD-43C8-ACB5-B8658AE96077}.Debug|Any CPU.Build.0 = Debug|Any CPU
		{3746C655-7EAD-43C8-ACB5-B8658AE96077}.Release|Any CPU.ActiveCfg = Release|Any CPU
		{3746C655-7EAD-43C8-ACB5-B8658AE96077}.Release|Any CPU.Build.0 = Release|Any CPU
		{DC23C34E-EB8C-408B-998D-DB7646D7E9C3}.Debug|Any CPU.ActiveCfg = Debug|Any CPU
		{DC23C34E-EB8C-408B-998D-DB7646D7E9C3}.Debug|Any CPU.Build.0 = Debug|Any CPU
		{DC23C34E-EB8C-408B-998D-DB7646D7E9C3}.Release|Any CPU.ActiveCfg = Release|Any CPU
		{DC23C34E-EB8C-408B-998D-DB7646D7E9C3}.Release|Any CPU.Build.0 = Release|Any CPU
	EndGlobalSection
EndGlobal
